
Microsoft Visual Studio Solution File, Format Version 12.00
# Visual Studio Version 17
VisualStudioVersion = 17.14.36603.0 d17.14
MinimumVisualStudioVersion = 10.0.40219.1
Project("{FAE04EC0-301F-11D3-BF4B-00C04F79EFBC}") = "KafeOtomasyonu", "KafeOtomasyonu.csproj", "{0C5D09E0-89CD-4591-91CB-11E3C379EFED}"
EndProject
Global
	GlobalSection(SolutionConfigurationPlatforms) = preSolution
		Debug|Any CPU = Debug|Any CPU
		Release|Any CPU = Release|Any CPU
	EndGlobalSection
	GlobalSection(ProjectConfigurationPlatforms) = postSolution
		{0C5D09E0-89CD-4591-91CB-11E3C379EFED}.Debug|Any CPU.ActiveCfg = Debug|Any CPU
		{0C5D09E0-89CD-4591-91CB-11E3C379EFED}.Debug|Any CPU.Build.0 = Debug|Any CPU
		{0C5D09E0-89CD-4591-91CB-11E3C379EFED}.Release|Any CPU.ActiveCfg = Release|Any CPU
		{0C5D09E0-89CD-4591-91CB-11E3C379EFED}.Release|Any CPU.Build.0 = Release|Any CPU
	EndGlobalSection
	GlobalSection(SolutionProperties) = preSolution
		HideSolutionNode = FALSE
	EndGlobalSection
	GlobalSection(ExtensibilityGlobals) = postSolution
		SolutionGuid = {5D4F7274-C1F8-4F0C-B642-36A406AEC335}
	EndGlobalSection
EndGlobal
