
Microsoft Visual Studio Solution File, Format Version 12.00
# Visual Studio Version 17
VisualStudioVersion = 17.14.36518.9 d17.14
MinimumVisualStudioVersion = 10.0.40219.1
Project("{FAE04EC0-301F-11D3-BF4B-00C04F79EFBC}") = "KafeRestoranOtomasyonSistemi", "KafeRestoranOtomasyonSistemi.csproj", "{7650A9EB-567D-4549-B173-DBE76C7B4E01}"
EndProject
Global
	GlobalSection(SolutionConfigurationPlatforms) = preSolution
		Debug|Any CPU = Debug|Any CPU
		Release|Any CPU = Release|Any CPU
	EndGlobalSection
	GlobalSection(ProjectConfigurationPlatforms) = postSolution
		{7650A9EB-567D-4549-B173-DBE76C7B4E01}.Debug|Any CPU.ActiveCfg = Debug|Any CPU
		{7650A9EB-567D-4549-B173-DBE76C7B4E01}.Debug|Any CPU.Build.0 = Debug|Any CPU
		{7650A9EB-567D-4549-B173-DBE76C7B4E01}.Release|Any CPU.ActiveCfg = Release|Any CPU
		{7650A9EB-567D-4549-B173-DBE76C7B4E01}.Release|Any CPU.Build.0 = Release|Any CPU
	EndGlobalSection
	GlobalSection(SolutionProperties) = preSolution
		HideSolutionNode = FALSE
	EndGlobalSection
	GlobalSection(ExtensibilityGlobals) = postSolution
		SolutionGuid = {ACE802B3-AC18-477D-97EE-ACF6AFBE3720}
	EndGlobalSection
EndGlobal
